
Microsoft Visual Studio Solution File, Format Version 12.00
# Visual Studio Version 16
VisualStudioVersion = 16.0.30114.105
MinimumVisualStudioVersion = 10.0.40219.1
Project("{F2A71F9B-5D33-465A-A702-920D77279786}") = "Helper", "Helper\Helper.fsproj", "{7747B1E2-EA4A-438C-946C-CF0BDE167565}"
EndProject
Project("{2150E333-8FDC-42A3-9474-1A3956D46DE8}") = "Lab6", "Lab6", "{23397409-8244-455B-ACC3-C2C026C680F1}"
EndProject
Project("{F2A71F9B-5D33-465A-A702-920D77279786}") = "task11", "Lab6\task11\task11.fsproj", "{4CB9FCC5-3D58-4C8F-B3DA-DBC3A04E9FA1}"
EndProject
Global
	GlobalSection(SolutionConfigurationPlatforms) = preSolution
		Debug|Any CPU = Debug|Any CPU
		Release|Any CPU = Release|Any CPU
	EndGlobalSection
	GlobalSection(SolutionProperties) = preSolution
		HideSolutionNode = FALSE
	EndGlobalSection
	GlobalSection(ProjectConfigurationPlatforms) = postSolution
		{7747B1E2-EA4A-438C-946C-CF0BDE167565}.Debug|Any CPU.ActiveCfg = Debug|Any CPU
		{7747B1E2-EA4A-438C-946C-CF0BDE167565}.Debug|Any CPU.Build.0 = Debug|Any CPU
		{7747B1E2-EA4A-438C-946C-CF0BDE167565}.Release|Any CPU.ActiveCfg = Release|Any CPU
		{7747B1E2-EA4A-438C-946C-CF0BDE167565}.Release|Any CPU.Build.0 = Release|Any CPU
		{4CB9FCC5-3D58-4C8F-B3DA-DBC3A04E9FA1}.Debug|Any CPU.ActiveCfg = Debug|Any CPU
		{4CB9FCC5-3D58-4C8F-B3DA-DBC3A04E9FA1}.Debug|Any CPU.Build.0 = Debug|Any CPU
		{4CB9FCC5-3D58-4C8F-B3DA-DBC3A04E9FA1}.Release|Any CPU.ActiveCfg = Release|Any CPU
		{4CB9FCC5-3D58-4C8F-B3DA-DBC3A04E9FA1}.Release|Any CPU.Build.0 = Release|Any CPU
	EndGlobalSection
	GlobalSection(NestedProjects) = preSolution
		{4CB9FCC5-3D58-4C8F-B3DA-DBC3A04E9FA1} = {23397409-8244-455B-ACC3-C2C026C680F1}
	EndGlobalSection
EndGlobal
