
Microsoft Visual Studio Solution File, Format Version 12.00
# Visual Studio Version 16
VisualStudioVersion = 16.0.30114.105
MinimumVisualStudioVersion = 10.0.40219.1
Project("{F2A71F9B-5D33-465A-A702-920D77279786}") = "Helper", "Helper\Helper.fsproj", "{7747B1E2-EA4A-438C-946C-CF0BDE167565}"
EndProject
Project("{2150E333-8FDC-42A3-9474-1A3956D46DE8}") = "Lab6", "Lab6", "{23397409-8244-455B-ACC3-C2C026C680F1}"
EndProject
Project("{F2A71F9B-5D33-465A-A702-920D77279786}") = "task11", "Lab6\task11\task11.fsproj", "{4CB9FCC5-3D58-4C8F-B3DA-DBC3A04E9FA1}"
EndProject
Project("{F2A71F9B-5D33-465A-A702-920D77279786}") = "task1_3", "Lab6\task1_3\task1_3.fsproj", "{F1296FC6-8587-4672-85CF-66216ED8A6E1}"
EndProject
Project("{F2A71F9B-5D33-465A-A702-920D77279786}") = "task1_11", "Lab6\task1_11\task1_11.fsproj", "{4F6F5CA1-C8FB-4987-B3AD-4673B051207B}"
EndProject
Project("{F2A71F9B-5D33-465A-A702-920D77279786}") = "task1_13", "lab6\task1_13\task1_13.fsproj", "{E9EFF538-D7F8-4FB6-B111-9124E0921AB6}"
EndProject
Project("{F2A71F9B-5D33-465A-A702-920D77279786}") = "task1_15", "lab6\task1_15\task1_15.fsproj", "{25BE5007-E3C9-4F6F-9D15-9019DBE74B4B}"
EndProject
Project("{F2A71F9B-5D33-465A-A702-920D77279786}") = "task1_27", "lab6\task1_27\task1_27.fsproj", "{B1333059-8CBF-49FA-820E-D7D52EF4326C}"
EndProject
Project("{F2A71F9B-5D33-465A-A702-920D77279786}") = "task1_30", "lab6\task1_30\task1_30.fsproj", "{512930EB-8EC2-44D3-B232-C0B4795877F2}"
EndProject
Global
	GlobalSection(SolutionConfigurationPlatforms) = preSolution
		Debug|Any CPU = Debug|Any CPU
		Release|Any CPU = Release|Any CPU
	EndGlobalSection
	GlobalSection(SolutionProperties) = preSolution
		HideSolutionNode = FALSE
	EndGlobalSection
	GlobalSection(ProjectConfigurationPlatforms) = postSolution
		{7747B1E2-EA4A-438C-946C-CF0BDE167565}.Debug|Any CPU.ActiveCfg = Debug|Any CPU
		{7747B1E2-EA4A-438C-946C-CF0BDE167565}.Debug|Any CPU.Build.0 = Debug|Any CPU
		{7747B1E2-EA4A-438C-946C-CF0BDE167565}.Release|Any CPU.ActiveCfg = Release|Any CPU
		{7747B1E2-EA4A-438C-946C-CF0BDE167565}.Release|Any CPU.Build.0 = Release|Any CPU
		{4CB9FCC5-3D58-4C8F-B3DA-DBC3A04E9FA1}.Debug|Any CPU.ActiveCfg = Debug|Any CPU
		{4CB9FCC5-3D58-4C8F-B3DA-DBC3A04E9FA1}.Debug|Any CPU.Build.0 = Debug|Any CPU
		{4CB9FCC5-3D58-4C8F-B3DA-DBC3A04E9FA1}.Release|Any CPU.ActiveCfg = Release|Any CPU
		{4CB9FCC5-3D58-4C8F-B3DA-DBC3A04E9FA1}.Release|Any CPU.Build.0 = Release|Any CPU
		{F1296FC6-8587-4672-85CF-66216ED8A6E1}.Debug|Any CPU.ActiveCfg = Debug|Any CPU
		{F1296FC6-8587-4672-85CF-66216ED8A6E1}.Debug|Any CPU.Build.0 = Debug|Any CPU
		{F1296FC6-8587-4672-85CF-66216ED8A6E1}.Release|Any CPU.ActiveCfg = Release|Any CPU
		{F1296FC6-8587-4672-85CF-66216ED8A6E1}.Release|Any CPU.Build.0 = Release|Any CPU
		{4F6F5CA1-C8FB-4987-B3AD-4673B051207B}.Debug|Any CPU.ActiveCfg = Debug|Any CPU
		{4F6F5CA1-C8FB-4987-B3AD-4673B051207B}.Debug|Any CPU.Build.0 = Debug|Any CPU
		{4F6F5CA1-C8FB-4987-B3AD-4673B051207B}.Release|Any CPU.ActiveCfg = Release|Any CPU
		{4F6F5CA1-C8FB-4987-B3AD-4673B051207B}.Release|Any CPU.Build.0 = Release|Any CPU
		{E9EFF538-D7F8-4FB6-B111-9124E0921AB6}.Debug|Any CPU.ActiveCfg = Debug|Any CPU
		{E9EFF538-D7F8-4FB6-B111-9124E0921AB6}.Debug|Any CPU.Build.0 = Debug|Any CPU
		{E9EFF538-D7F8-4FB6-B111-9124E0921AB6}.Release|Any CPU.ActiveCfg = Release|Any CPU
		{E9EFF538-D7F8-4FB6-B111-9124E0921AB6}.Release|Any CPU.Build.0 = Release|Any CPU
		{25BE5007-E3C9-4F6F-9D15-9019DBE74B4B}.Debug|Any CPU.ActiveCfg = Debug|Any CPU
		{25BE5007-E3C9-4F6F-9D15-9019DBE74B4B}.Debug|Any CPU.Build.0 = Debug|Any CPU
		{25BE5007-E3C9-4F6F-9D15-9019DBE74B4B}.Release|Any CPU.ActiveCfg = Release|Any CPU
		{25BE5007-E3C9-4F6F-9D15-9019DBE74B4B}.Release|Any CPU.Build.0 = Release|Any CPU
		{B1333059-8CBF-49FA-820E-D7D52EF4326C}.Debug|Any CPU.ActiveCfg = Debug|Any CPU
		{B1333059-8CBF-49FA-820E-D7D52EF4326C}.Debug|Any CPU.Build.0 = Debug|Any CPU
		{B1333059-8CBF-49FA-820E-D7D52EF4326C}.Release|Any CPU.ActiveCfg = Release|Any CPU
		{B1333059-8CBF-49FA-820E-D7D52EF4326C}.Release|Any CPU.Build.0 = Release|Any CPU
		{512930EB-8EC2-44D3-B232-C0B4795877F2}.Debug|Any CPU.ActiveCfg = Debug|Any CPU
		{512930EB-8EC2-44D3-B232-C0B4795877F2}.Debug|Any CPU.Build.0 = Debug|Any CPU
		{512930EB-8EC2-44D3-B232-C0B4795877F2}.Release|Any CPU.ActiveCfg = Release|Any CPU
		{512930EB-8EC2-44D3-B232-C0B4795877F2}.Release|Any CPU.Build.0 = Release|Any CPU
	EndGlobalSection
	GlobalSection(NestedProjects) = preSolution
		{4CB9FCC5-3D58-4C8F-B3DA-DBC3A04E9FA1} = {23397409-8244-455B-ACC3-C2C026C680F1}
		{F1296FC6-8587-4672-85CF-66216ED8A6E1} = {23397409-8244-455B-ACC3-C2C026C680F1}
		{4F6F5CA1-C8FB-4987-B3AD-4673B051207B} = {23397409-8244-455B-ACC3-C2C026C680F1}
		{E9EFF538-D7F8-4FB6-B111-9124E0921AB6} = {23397409-8244-455B-ACC3-C2C026C680F1}
		{25BE5007-E3C9-4F6F-9D15-9019DBE74B4B} = {23397409-8244-455B-ACC3-C2C026C680F1}
		{B1333059-8CBF-49FA-820E-D7D52EF4326C} = {23397409-8244-455B-ACC3-C2C026C680F1}
		{512930EB-8EC2-44D3-B232-C0B4795877F2} = {23397409-8244-455B-ACC3-C2C026C680F1}
	EndGlobalSection
EndGlobal
