
Microsoft Visual Studio Solution File, Format Version 12.00
# Visual Studio Version 17
VisualStudioVersion = 17.0.32112.339
MinimumVisualStudioVersion = 10.0.40219.1
Project("{6EC3EE1D-3C4E-46DD-8F32-0CC8E7565705}") = "Helper", "Helper\Helper.fsproj", "{7747B1E2-EA4A-438C-946C-CF0BDE167565}"
EndProject
Project("{2150E333-8FDC-42A3-9474-1A3956D46DE8}") = "Lab6", "Lab6", "{23397409-8244-455B-ACC3-C2C026C680F1}"
EndProject
Project("{6EC3EE1D-3C4E-46DD-8F32-0CC8E7565705}") = "task11", "Lab6\task11\task11.fsproj", "{4CB9FCC5-3D58-4C8F-B3DA-DBC3A04E9FA1}"
EndProject
Project("{6EC3EE1D-3C4E-46DD-8F32-0CC8E7565705}") = "task1_3", "Lab6\task1_3\task1_3.fsproj", "{F1296FC6-8587-4672-85CF-66216ED8A6E1}"
EndProject
Project("{6EC3EE1D-3C4E-46DD-8F32-0CC8E7565705}") = "task1_11", "Lab6\task1_11\task1_11.fsproj", "{4F6F5CA1-C8FB-4987-B3AD-4673B051207B}"
EndProject
Project("{6EC3EE1D-3C4E-46DD-8F32-0CC8E7565705}") = "task1_13", "lab6\task1_13\task1_13.fsproj", "{E9EFF538-D7F8-4FB6-B111-9124E0921AB6}"
EndProject
Project("{6EC3EE1D-3C4E-46DD-8F32-0CC8E7565705}") = "task1_15", "lab6\task1_15\task1_15.fsproj", "{25BE5007-E3C9-4F6F-9D15-9019DBE74B4B}"
EndProject
Project("{6EC3EE1D-3C4E-46DD-8F32-0CC8E7565705}") = "task1_27", "lab6\task1_27\task1_27.fsproj", "{B1333059-8CBF-49FA-820E-D7D52EF4326C}"
EndProject
Project("{6EC3EE1D-3C4E-46DD-8F32-0CC8E7565705}") = "task1_30", "lab6\task1_30\task1_30.fsproj", "{512930EB-8EC2-44D3-B232-C0B4795877F2}"
EndProject
Project("{6EC3EE1D-3C4E-46DD-8F32-0CC8E7565705}") = "task1_45", "lab6\task1_45\task1_45.fsproj", "{7C052F86-3E6F-42CC-9CEB-797C59CD6C46}"
EndProject
Project("{6EC3EE1D-3C4E-46DD-8F32-0CC8E7565705}") = "task1_51", "lab6\task1_51\task1_51.fsproj", "{B9F2A82B-AF2C-4E46-8BB6-89A2527526B9}"
EndProject
Project("{2150E333-8FDC-42A3-9474-1A3956D46DE8}") = "lab5", "lab5", "{7A57DBF5-90B4-4F9A-AF24-2BE4B1093EF3}"
EndProject
Project("{6EC3EE1D-3C4E-46DD-8F32-0CC8E7565705}") = "task11", "lab5\task11\task11.fsproj", "{39F8A91F-BDA2-47D5-8F77-C025F55C2E6B}"
EndProject
Project("{6EC3EE1D-3C4E-46DD-8F32-0CC8E7565705}") = "task12", "lab5\task12\task12.fsproj", "{7C11BFFC-BF88-4D61-9BFC-481EB510499E}"
EndProject
Project("{6EC3EE1D-3C4E-46DD-8F32-0CC8E7565705}") = "task13", "lab5\task13\task13.fsproj", "{B2076277-1B33-4F80-9669-D3936999C80B}"
EndProject
Project("{6EC3EE1D-3C4E-46DD-8F32-0CC8E7565705}") = "task14", "lab5\task14\task14.fsproj", "{BB049E3E-7670-4F5A-9E95-3F9AFDA81C19}"
EndProject
Project("{6EC3EE1D-3C4E-46DD-8F32-0CC8E7565705}") = "task15", "lab5\task15\task15.fsproj", "{1175CC41-9BE4-45A5-8DCB-E44E7C2C648C}"
EndProject
Project("{6EC3EE1D-3C4E-46DD-8F32-0CC8E7565705}") = "task16", "lab5\task16\task16.fsproj", "{DD394F0C-44AA-4B9D-B775-C70429AC2879}"
EndProject
Project("{6EC3EE1D-3C4E-46DD-8F32-0CC8E7565705}") = "task17", "lab5\task17\task17.fsproj", "{DBBD7B02-A8F4-4F47-B757-96099E9B7464}"
EndProject
Project("{6EC3EE1D-3C4E-46DD-8F32-0CC8E7565705}") = "task18", "lab5\task18\task18.fsproj", "{CF0D4804-97E1-4B41-8D73-7FC20DF739CC}"
EndProject
Project("{6EC3EE1D-3C4E-46DD-8F32-0CC8E7565705}") = "task20", "lab5\task20\task20.fsproj", "{80C1560D-1C85-4E63-A021-EA02E8E998E2}"
EndProject
Project("{2150E333-8FDC-42A3-9474-1A3956D46DE8}") = "lab7", "lab7", "{48B83A6A-970E-4AB5-A1FF-0A9F84FFF28E}"
EndProject
Project("{6EC3EE1D-3C4E-46DD-8F32-0CC8E7565705}") = "task23", "lab7\task23\task23.fsproj", "{D85A5695-8243-485D-A428-53C2885B617C}"
EndProject
Project("{6EC3EE1D-3C4E-46DD-8F32-0CC8E7565705}") = "task33", "lab7\task33\task33.fsproj", "{74478E8C-7FE8-4AFE-9A52-7B1E41AF6924}"
EndProject
Project("{6EC3EE1D-3C4E-46DD-8F32-0CC8E7565705}") = "task43", "lab7\task43\task43.fsproj", "{4BC888C8-EB22-441C-B2EA-9BEDA2BACAD7}"
EndProject
Project("{6EC3EE1D-3C4E-46DD-8F32-0CC8E7565705}") = "task53", "lab7\task53\task53.fsproj", "{60C0E0CA-C85F-462A-87C3-D3CA6968A915}"
EndProject
Project("{6EC3EE1D-3C4E-46DD-8F32-0CC8E7565705}") = "task3", "lab7\task3\task3.fsproj", "{AE623215-D911-4C47-9817-79498356A705}"
EndProject
Project("{6EC3EE1D-3C4E-46DD-8F32-0CC8E7565705}") = "task13", "lab7\task13\task13.fsproj", "{4555C83A-EF9E-4D52-8E10-23096ED20159}"
EndProject
Project("{6EC3EE1D-3C4E-46DD-8F32-0CC8E7565705}") = "task17", "lab7\task17\task17.fsproj", "{D1F8276A-574C-4814-854A-E4B5B63F3CB4}"
EndProject
Project("{6EC3EE1D-3C4E-46DD-8F32-0CC8E7565705}") = "task18", "lab7\task18\task18.fsproj", "{2AEB498E-6F5F-40FD-863B-3A82AB4F5FDB}"
EndProject
Project("{6EC3EE1D-3C4E-46DD-8F32-0CC8E7565705}") = "task19", "lab7\task19\task19.fsproj", "{DAC719DB-601E-480E-940F-F1D188F65D61}"
EndProject
Project("{6EC3EE1D-3C4E-46DD-8F32-0CC8E7565705}") = "task20", "lab7\task20\task20.fsproj", "{3E416623-B972-41DC-9E87-731DD4166E5A}"
EndProject
Project("{2150E333-8FDC-42A3-9474-1A3956D46DE8}") = "lab8", "lab8", "{4A8E7138-4D91-4912-BFCC-D2EB744F34C7}"
EndProject
Project("{6EC3EE1D-3C4E-46DD-8F32-0CC8E7565705}") = "task1", "lab8\task1\task1.fsproj", "{D81BDDC7-2A37-43ED-AD59-DEFF63F08633}"
EndProject
Project("{6EC3EE1D-3C4E-46DD-8F32-0CC8E7565705}") = "task2", "lab8\task2\task2.fsproj", "{0E38E92C-2829-4353-A5FE-FAC957DC1BF7}"
EndProject
Project("{6EC3EE1D-3C4E-46DD-8F32-0CC8E7565705}") = "task3", "lab8\task3\task3.fsproj", "{934F43E2-51C7-424D-951F-2F9AE5858784}"
EndProject
Project("{6EC3EE1D-3C4E-46DD-8F32-0CC8E7565705}") = "task4", "lab8\task4\task4.fsproj", "{288EECAF-C229-474A-9CA0-B7385D0FB812}"
EndProject
Project("{6EC3EE1D-3C4E-46DD-8F32-0CC8E7565705}") = "task5", "lab8\task5\task5.fsproj", "{B803B2DB-0A71-4E0E-AAEE-90A9E1C0E458}"
EndProject
Project("{2150E333-8FDC-42A3-9474-1A3956D46DE8}") = "lab9", "lab9", "{29E9B8DE-057A-4F12-A3F3-47A48EBD0088}"
EndProject
Project("{6EC3EE1D-3C4E-46DD-8F32-0CC8E7565705}") = "task5", "task1\task5.fsproj", "{064D5C0A-BB29-42BE-A9C8-FA50E0B68EF8}"
EndProject
Project("{F2A71F9B-5D33-465A-A702-920D77279786}") = "task6", "task6\task6.fsproj", "{AAD28782-E5D6-42FD-9B5D-E54FEBCE83E2}"
EndProject
Global
	GlobalSection(SolutionConfigurationPlatforms) = preSolution
		Debug|Any CPU = Debug|Any CPU
		Release|Any CPU = Release|Any CPU
	EndGlobalSection
	GlobalSection(ProjectConfigurationPlatforms) = postSolution
		{7747B1E2-EA4A-438C-946C-CF0BDE167565}.Debug|Any CPU.ActiveCfg = Debug|Any CPU
		{7747B1E2-EA4A-438C-946C-CF0BDE167565}.Debug|Any CPU.Build.0 = Debug|Any CPU
		{7747B1E2-EA4A-438C-946C-CF0BDE167565}.Release|Any CPU.ActiveCfg = Release|Any CPU
		{7747B1E2-EA4A-438C-946C-CF0BDE167565}.Release|Any CPU.Build.0 = Release|Any CPU
		{4CB9FCC5-3D58-4C8F-B3DA-DBC3A04E9FA1}.Debug|Any CPU.ActiveCfg = Debug|Any CPU
		{4CB9FCC5-3D58-4C8F-B3DA-DBC3A04E9FA1}.Debug|Any CPU.Build.0 = Debug|Any CPU
		{4CB9FCC5-3D58-4C8F-B3DA-DBC3A04E9FA1}.Release|Any CPU.ActiveCfg = Release|Any CPU
		{4CB9FCC5-3D58-4C8F-B3DA-DBC3A04E9FA1}.Release|Any CPU.Build.0 = Release|Any CPU
		{F1296FC6-8587-4672-85CF-66216ED8A6E1}.Debug|Any CPU.ActiveCfg = Debug|Any CPU
		{F1296FC6-8587-4672-85CF-66216ED8A6E1}.Debug|Any CPU.Build.0 = Debug|Any CPU
		{F1296FC6-8587-4672-85CF-66216ED8A6E1}.Release|Any CPU.ActiveCfg = Release|Any CPU
		{F1296FC6-8587-4672-85CF-66216ED8A6E1}.Release|Any CPU.Build.0 = Release|Any CPU
		{4F6F5CA1-C8FB-4987-B3AD-4673B051207B}.Debug|Any CPU.ActiveCfg = Debug|Any CPU
		{4F6F5CA1-C8FB-4987-B3AD-4673B051207B}.Debug|Any CPU.Build.0 = Debug|Any CPU
		{4F6F5CA1-C8FB-4987-B3AD-4673B051207B}.Release|Any CPU.ActiveCfg = Release|Any CPU
		{4F6F5CA1-C8FB-4987-B3AD-4673B051207B}.Release|Any CPU.Build.0 = Release|Any CPU
		{E9EFF538-D7F8-4FB6-B111-9124E0921AB6}.Debug|Any CPU.ActiveCfg = Debug|Any CPU
		{E9EFF538-D7F8-4FB6-B111-9124E0921AB6}.Debug|Any CPU.Build.0 = Debug|Any CPU
		{E9EFF538-D7F8-4FB6-B111-9124E0921AB6}.Release|Any CPU.ActiveCfg = Release|Any CPU
		{E9EFF538-D7F8-4FB6-B111-9124E0921AB6}.Release|Any CPU.Build.0 = Release|Any CPU
		{25BE5007-E3C9-4F6F-9D15-9019DBE74B4B}.Debug|Any CPU.ActiveCfg = Debug|Any CPU
		{25BE5007-E3C9-4F6F-9D15-9019DBE74B4B}.Debug|Any CPU.Build.0 = Debug|Any CPU
		{25BE5007-E3C9-4F6F-9D15-9019DBE74B4B}.Release|Any CPU.ActiveCfg = Release|Any CPU
		{25BE5007-E3C9-4F6F-9D15-9019DBE74B4B}.Release|Any CPU.Build.0 = Release|Any CPU
		{B1333059-8CBF-49FA-820E-D7D52EF4326C}.Debug|Any CPU.ActiveCfg = Debug|Any CPU
		{B1333059-8CBF-49FA-820E-D7D52EF4326C}.Debug|Any CPU.Build.0 = Debug|Any CPU
		{B1333059-8CBF-49FA-820E-D7D52EF4326C}.Release|Any CPU.ActiveCfg = Release|Any CPU
		{B1333059-8CBF-49FA-820E-D7D52EF4326C}.Release|Any CPU.Build.0 = Release|Any CPU
		{512930EB-8EC2-44D3-B232-C0B4795877F2}.Debug|Any CPU.ActiveCfg = Debug|Any CPU
		{512930EB-8EC2-44D3-B232-C0B4795877F2}.Debug|Any CPU.Build.0 = Debug|Any CPU
		{512930EB-8EC2-44D3-B232-C0B4795877F2}.Release|Any CPU.ActiveCfg = Release|Any CPU
		{512930EB-8EC2-44D3-B232-C0B4795877F2}.Release|Any CPU.Build.0 = Release|Any CPU
		{7C052F86-3E6F-42CC-9CEB-797C59CD6C46}.Debug|Any CPU.ActiveCfg = Debug|Any CPU
		{7C052F86-3E6F-42CC-9CEB-797C59CD6C46}.Debug|Any CPU.Build.0 = Debug|Any CPU
		{7C052F86-3E6F-42CC-9CEB-797C59CD6C46}.Release|Any CPU.ActiveCfg = Release|Any CPU
		{7C052F86-3E6F-42CC-9CEB-797C59CD6C46}.Release|Any CPU.Build.0 = Release|Any CPU
		{B9F2A82B-AF2C-4E46-8BB6-89A2527526B9}.Debug|Any CPU.ActiveCfg = Debug|Any CPU
		{B9F2A82B-AF2C-4E46-8BB6-89A2527526B9}.Debug|Any CPU.Build.0 = Debug|Any CPU
		{B9F2A82B-AF2C-4E46-8BB6-89A2527526B9}.Release|Any CPU.ActiveCfg = Release|Any CPU
		{B9F2A82B-AF2C-4E46-8BB6-89A2527526B9}.Release|Any CPU.Build.0 = Release|Any CPU
		{39F8A91F-BDA2-47D5-8F77-C025F55C2E6B}.Debug|Any CPU.ActiveCfg = Debug|Any CPU
		{39F8A91F-BDA2-47D5-8F77-C025F55C2E6B}.Debug|Any CPU.Build.0 = Debug|Any CPU
		{39F8A91F-BDA2-47D5-8F77-C025F55C2E6B}.Release|Any CPU.ActiveCfg = Release|Any CPU
		{39F8A91F-BDA2-47D5-8F77-C025F55C2E6B}.Release|Any CPU.Build.0 = Release|Any CPU
		{7C11BFFC-BF88-4D61-9BFC-481EB510499E}.Debug|Any CPU.ActiveCfg = Debug|Any CPU
		{7C11BFFC-BF88-4D61-9BFC-481EB510499E}.Debug|Any CPU.Build.0 = Debug|Any CPU
		{7C11BFFC-BF88-4D61-9BFC-481EB510499E}.Release|Any CPU.ActiveCfg = Release|Any CPU
		{7C11BFFC-BF88-4D61-9BFC-481EB510499E}.Release|Any CPU.Build.0 = Release|Any CPU
		{B2076277-1B33-4F80-9669-D3936999C80B}.Debug|Any CPU.ActiveCfg = Debug|Any CPU
		{B2076277-1B33-4F80-9669-D3936999C80B}.Debug|Any CPU.Build.0 = Debug|Any CPU
		{B2076277-1B33-4F80-9669-D3936999C80B}.Release|Any CPU.ActiveCfg = Release|Any CPU
		{B2076277-1B33-4F80-9669-D3936999C80B}.Release|Any CPU.Build.0 = Release|Any CPU
		{BB049E3E-7670-4F5A-9E95-3F9AFDA81C19}.Debug|Any CPU.ActiveCfg = Debug|Any CPU
		{BB049E3E-7670-4F5A-9E95-3F9AFDA81C19}.Debug|Any CPU.Build.0 = Debug|Any CPU
		{BB049E3E-7670-4F5A-9E95-3F9AFDA81C19}.Release|Any CPU.ActiveCfg = Release|Any CPU
		{BB049E3E-7670-4F5A-9E95-3F9AFDA81C19}.Release|Any CPU.Build.0 = Release|Any CPU
		{1175CC41-9BE4-45A5-8DCB-E44E7C2C648C}.Debug|Any CPU.ActiveCfg = Debug|Any CPU
		{1175CC41-9BE4-45A5-8DCB-E44E7C2C648C}.Debug|Any CPU.Build.0 = Debug|Any CPU
		{1175CC41-9BE4-45A5-8DCB-E44E7C2C648C}.Release|Any CPU.ActiveCfg = Release|Any CPU
		{1175CC41-9BE4-45A5-8DCB-E44E7C2C648C}.Release|Any CPU.Build.0 = Release|Any CPU
		{DD394F0C-44AA-4B9D-B775-C70429AC2879}.Debug|Any CPU.ActiveCfg = Debug|Any CPU
		{DD394F0C-44AA-4B9D-B775-C70429AC2879}.Debug|Any CPU.Build.0 = Debug|Any CPU
		{DD394F0C-44AA-4B9D-B775-C70429AC2879}.Release|Any CPU.ActiveCfg = Release|Any CPU
		{DD394F0C-44AA-4B9D-B775-C70429AC2879}.Release|Any CPU.Build.0 = Release|Any CPU
		{DBBD7B02-A8F4-4F47-B757-96099E9B7464}.Debug|Any CPU.ActiveCfg = Debug|Any CPU
		{DBBD7B02-A8F4-4F47-B757-96099E9B7464}.Debug|Any CPU.Build.0 = Debug|Any CPU
		{DBBD7B02-A8F4-4F47-B757-96099E9B7464}.Release|Any CPU.ActiveCfg = Release|Any CPU
		{DBBD7B02-A8F4-4F47-B757-96099E9B7464}.Release|Any CPU.Build.0 = Release|Any CPU
		{CF0D4804-97E1-4B41-8D73-7FC20DF739CC}.Debug|Any CPU.ActiveCfg = Debug|Any CPU
		{CF0D4804-97E1-4B41-8D73-7FC20DF739CC}.Debug|Any CPU.Build.0 = Debug|Any CPU
		{CF0D4804-97E1-4B41-8D73-7FC20DF739CC}.Release|Any CPU.ActiveCfg = Release|Any CPU
		{CF0D4804-97E1-4B41-8D73-7FC20DF739CC}.Release|Any CPU.Build.0 = Release|Any CPU
		{80C1560D-1C85-4E63-A021-EA02E8E998E2}.Debug|Any CPU.ActiveCfg = Debug|Any CPU
		{80C1560D-1C85-4E63-A021-EA02E8E998E2}.Debug|Any CPU.Build.0 = Debug|Any CPU
		{80C1560D-1C85-4E63-A021-EA02E8E998E2}.Release|Any CPU.ActiveCfg = Release|Any CPU
		{80C1560D-1C85-4E63-A021-EA02E8E998E2}.Release|Any CPU.Build.0 = Release|Any CPU
		{D85A5695-8243-485D-A428-53C2885B617C}.Debug|Any CPU.ActiveCfg = Debug|Any CPU
		{D85A5695-8243-485D-A428-53C2885B617C}.Debug|Any CPU.Build.0 = Debug|Any CPU
		{D85A5695-8243-485D-A428-53C2885B617C}.Release|Any CPU.ActiveCfg = Release|Any CPU
		{D85A5695-8243-485D-A428-53C2885B617C}.Release|Any CPU.Build.0 = Release|Any CPU
		{74478E8C-7FE8-4AFE-9A52-7B1E41AF6924}.Debug|Any CPU.ActiveCfg = Debug|Any CPU
		{74478E8C-7FE8-4AFE-9A52-7B1E41AF6924}.Debug|Any CPU.Build.0 = Debug|Any CPU
		{74478E8C-7FE8-4AFE-9A52-7B1E41AF6924}.Release|Any CPU.ActiveCfg = Release|Any CPU
		{74478E8C-7FE8-4AFE-9A52-7B1E41AF6924}.Release|Any CPU.Build.0 = Release|Any CPU
		{4BC888C8-EB22-441C-B2EA-9BEDA2BACAD7}.Debug|Any CPU.ActiveCfg = Debug|Any CPU
		{4BC888C8-EB22-441C-B2EA-9BEDA2BACAD7}.Debug|Any CPU.Build.0 = Debug|Any CPU
		{4BC888C8-EB22-441C-B2EA-9BEDA2BACAD7}.Release|Any CPU.ActiveCfg = Release|Any CPU
		{4BC888C8-EB22-441C-B2EA-9BEDA2BACAD7}.Release|Any CPU.Build.0 = Release|Any CPU
		{60C0E0CA-C85F-462A-87C3-D3CA6968A915}.Debug|Any CPU.ActiveCfg = Debug|Any CPU
		{60C0E0CA-C85F-462A-87C3-D3CA6968A915}.Debug|Any CPU.Build.0 = Debug|Any CPU
		{60C0E0CA-C85F-462A-87C3-D3CA6968A915}.Release|Any CPU.ActiveCfg = Release|Any CPU
		{60C0E0CA-C85F-462A-87C3-D3CA6968A915}.Release|Any CPU.Build.0 = Release|Any CPU
		{AE623215-D911-4C47-9817-79498356A705}.Debug|Any CPU.ActiveCfg = Debug|Any CPU
		{AE623215-D911-4C47-9817-79498356A705}.Debug|Any CPU.Build.0 = Debug|Any CPU
		{AE623215-D911-4C47-9817-79498356A705}.Release|Any CPU.ActiveCfg = Release|Any CPU
		{AE623215-D911-4C47-9817-79498356A705}.Release|Any CPU.Build.0 = Release|Any CPU
		{4555C83A-EF9E-4D52-8E10-23096ED20159}.Debug|Any CPU.ActiveCfg = Debug|Any CPU
		{4555C83A-EF9E-4D52-8E10-23096ED20159}.Debug|Any CPU.Build.0 = Debug|Any CPU
		{4555C83A-EF9E-4D52-8E10-23096ED20159}.Release|Any CPU.ActiveCfg = Release|Any CPU
		{4555C83A-EF9E-4D52-8E10-23096ED20159}.Release|Any CPU.Build.0 = Release|Any CPU
		{D1F8276A-574C-4814-854A-E4B5B63F3CB4}.Debug|Any CPU.ActiveCfg = Debug|Any CPU
		{D1F8276A-574C-4814-854A-E4B5B63F3CB4}.Debug|Any CPU.Build.0 = Debug|Any CPU
		{D1F8276A-574C-4814-854A-E4B5B63F3CB4}.Release|Any CPU.ActiveCfg = Release|Any CPU
		{D1F8276A-574C-4814-854A-E4B5B63F3CB4}.Release|Any CPU.Build.0 = Release|Any CPU
		{2AEB498E-6F5F-40FD-863B-3A82AB4F5FDB}.Debug|Any CPU.ActiveCfg = Debug|Any CPU
		{2AEB498E-6F5F-40FD-863B-3A82AB4F5FDB}.Debug|Any CPU.Build.0 = Debug|Any CPU
		{2AEB498E-6F5F-40FD-863B-3A82AB4F5FDB}.Release|Any CPU.ActiveCfg = Release|Any CPU
		{2AEB498E-6F5F-40FD-863B-3A82AB4F5FDB}.Release|Any CPU.Build.0 = Release|Any CPU
		{DAC719DB-601E-480E-940F-F1D188F65D61}.Debug|Any CPU.ActiveCfg = Debug|Any CPU
		{DAC719DB-601E-480E-940F-F1D188F65D61}.Debug|Any CPU.Build.0 = Debug|Any CPU
		{DAC719DB-601E-480E-940F-F1D188F65D61}.Release|Any CPU.ActiveCfg = Release|Any CPU
		{DAC719DB-601E-480E-940F-F1D188F65D61}.Release|Any CPU.Build.0 = Release|Any CPU
		{3E416623-B972-41DC-9E87-731DD4166E5A}.Debug|Any CPU.ActiveCfg = Debug|Any CPU
		{3E416623-B972-41DC-9E87-731DD4166E5A}.Debug|Any CPU.Build.0 = Debug|Any CPU
		{3E416623-B972-41DC-9E87-731DD4166E5A}.Release|Any CPU.ActiveCfg = Release|Any CPU
		{3E416623-B972-41DC-9E87-731DD4166E5A}.Release|Any CPU.Build.0 = Release|Any CPU
		{D81BDDC7-2A37-43ED-AD59-DEFF63F08633}.Debug|Any CPU.ActiveCfg = Debug|Any CPU
		{D81BDDC7-2A37-43ED-AD59-DEFF63F08633}.Debug|Any CPU.Build.0 = Debug|Any CPU
		{D81BDDC7-2A37-43ED-AD59-DEFF63F08633}.Release|Any CPU.ActiveCfg = Release|Any CPU
		{D81BDDC7-2A37-43ED-AD59-DEFF63F08633}.Release|Any CPU.Build.0 = Release|Any CPU
		{0E38E92C-2829-4353-A5FE-FAC957DC1BF7}.Debug|Any CPU.ActiveCfg = Debug|Any CPU
		{0E38E92C-2829-4353-A5FE-FAC957DC1BF7}.Debug|Any CPU.Build.0 = Debug|Any CPU
		{0E38E92C-2829-4353-A5FE-FAC957DC1BF7}.Release|Any CPU.ActiveCfg = Release|Any CPU
		{0E38E92C-2829-4353-A5FE-FAC957DC1BF7}.Release|Any CPU.Build.0 = Release|Any CPU
		{934F43E2-51C7-424D-951F-2F9AE5858784}.Debug|Any CPU.ActiveCfg = Debug|Any CPU
		{934F43E2-51C7-424D-951F-2F9AE5858784}.Debug|Any CPU.Build.0 = Debug|Any CPU
		{934F43E2-51C7-424D-951F-2F9AE5858784}.Release|Any CPU.ActiveCfg = Release|Any CPU
		{934F43E2-51C7-424D-951F-2F9AE5858784}.Release|Any CPU.Build.0 = Release|Any CPU
		{288EECAF-C229-474A-9CA0-B7385D0FB812}.Debug|Any CPU.ActiveCfg = Debug|Any CPU
		{288EECAF-C229-474A-9CA0-B7385D0FB812}.Debug|Any CPU.Build.0 = Debug|Any CPU
		{288EECAF-C229-474A-9CA0-B7385D0FB812}.Release|Any CPU.ActiveCfg = Release|Any CPU
		{288EECAF-C229-474A-9CA0-B7385D0FB812}.Release|Any CPU.Build.0 = Release|Any CPU
		{B803B2DB-0A71-4E0E-AAEE-90A9E1C0E458}.Debug|Any CPU.ActiveCfg = Debug|Any CPU
		{B803B2DB-0A71-4E0E-AAEE-90A9E1C0E458}.Debug|Any CPU.Build.0 = Debug|Any CPU
		{B803B2DB-0A71-4E0E-AAEE-90A9E1C0E458}.Release|Any CPU.ActiveCfg = Release|Any CPU
		{B803B2DB-0A71-4E0E-AAEE-90A9E1C0E458}.Release|Any CPU.Build.0 = Release|Any CPU
		{064D5C0A-BB29-42BE-A9C8-FA50E0B68EF8}.Debug|Any CPU.ActiveCfg = Debug|Any CPU
		{064D5C0A-BB29-42BE-A9C8-FA50E0B68EF8}.Debug|Any CPU.Build.0 = Debug|Any CPU
		{064D5C0A-BB29-42BE-A9C8-FA50E0B68EF8}.Release|Any CPU.ActiveCfg = Release|Any CPU
		{064D5C0A-BB29-42BE-A9C8-FA50E0B68EF8}.Release|Any CPU.Build.0 = Release|Any CPU
		{AAD28782-E5D6-42FD-9B5D-E54FEBCE83E2}.Debug|Any CPU.ActiveCfg = Debug|Any CPU
		{AAD28782-E5D6-42FD-9B5D-E54FEBCE83E2}.Debug|Any CPU.Build.0 = Debug|Any CPU
		{AAD28782-E5D6-42FD-9B5D-E54FEBCE83E2}.Release|Any CPU.ActiveCfg = Release|Any CPU
		{AAD28782-E5D6-42FD-9B5D-E54FEBCE83E2}.Release|Any CPU.Build.0 = Release|Any CPU
	EndGlobalSection
	GlobalSection(SolutionProperties) = preSolution
		HideSolutionNode = FALSE
	EndGlobalSection
	GlobalSection(NestedProjects) = preSolution
		{4CB9FCC5-3D58-4C8F-B3DA-DBC3A04E9FA1} = {23397409-8244-455B-ACC3-C2C026C680F1}
		{F1296FC6-8587-4672-85CF-66216ED8A6E1} = {23397409-8244-455B-ACC3-C2C026C680F1}
		{4F6F5CA1-C8FB-4987-B3AD-4673B051207B} = {23397409-8244-455B-ACC3-C2C026C680F1}
		{E9EFF538-D7F8-4FB6-B111-9124E0921AB6} = {23397409-8244-455B-ACC3-C2C026C680F1}
		{25BE5007-E3C9-4F6F-9D15-9019DBE74B4B} = {23397409-8244-455B-ACC3-C2C026C680F1}
		{B1333059-8CBF-49FA-820E-D7D52EF4326C} = {23397409-8244-455B-ACC3-C2C026C680F1}
		{512930EB-8EC2-44D3-B232-C0B4795877F2} = {23397409-8244-455B-ACC3-C2C026C680F1}
		{7C052F86-3E6F-42CC-9CEB-797C59CD6C46} = {23397409-8244-455B-ACC3-C2C026C680F1}
		{B9F2A82B-AF2C-4E46-8BB6-89A2527526B9} = {23397409-8244-455B-ACC3-C2C026C680F1}
		{39F8A91F-BDA2-47D5-8F77-C025F55C2E6B} = {7A57DBF5-90B4-4F9A-AF24-2BE4B1093EF3}
		{7C11BFFC-BF88-4D61-9BFC-481EB510499E} = {7A57DBF5-90B4-4F9A-AF24-2BE4B1093EF3}
		{B2076277-1B33-4F80-9669-D3936999C80B} = {7A57DBF5-90B4-4F9A-AF24-2BE4B1093EF3}
		{BB049E3E-7670-4F5A-9E95-3F9AFDA81C19} = {7A57DBF5-90B4-4F9A-AF24-2BE4B1093EF3}
		{1175CC41-9BE4-45A5-8DCB-E44E7C2C648C} = {7A57DBF5-90B4-4F9A-AF24-2BE4B1093EF3}
		{DD394F0C-44AA-4B9D-B775-C70429AC2879} = {7A57DBF5-90B4-4F9A-AF24-2BE4B1093EF3}
		{DBBD7B02-A8F4-4F47-B757-96099E9B7464} = {7A57DBF5-90B4-4F9A-AF24-2BE4B1093EF3}
		{CF0D4804-97E1-4B41-8D73-7FC20DF739CC} = {7A57DBF5-90B4-4F9A-AF24-2BE4B1093EF3}
		{80C1560D-1C85-4E63-A021-EA02E8E998E2} = {7A57DBF5-90B4-4F9A-AF24-2BE4B1093EF3}
		{D85A5695-8243-485D-A428-53C2885B617C} = {48B83A6A-970E-4AB5-A1FF-0A9F84FFF28E}
		{74478E8C-7FE8-4AFE-9A52-7B1E41AF6924} = {48B83A6A-970E-4AB5-A1FF-0A9F84FFF28E}
		{4BC888C8-EB22-441C-B2EA-9BEDA2BACAD7} = {48B83A6A-970E-4AB5-A1FF-0A9F84FFF28E}
		{60C0E0CA-C85F-462A-87C3-D3CA6968A915} = {48B83A6A-970E-4AB5-A1FF-0A9F84FFF28E}
		{AE623215-D911-4C47-9817-79498356A705} = {48B83A6A-970E-4AB5-A1FF-0A9F84FFF28E}
		{4555C83A-EF9E-4D52-8E10-23096ED20159} = {48B83A6A-970E-4AB5-A1FF-0A9F84FFF28E}
		{D1F8276A-574C-4814-854A-E4B5B63F3CB4} = {48B83A6A-970E-4AB5-A1FF-0A9F84FFF28E}
		{2AEB498E-6F5F-40FD-863B-3A82AB4F5FDB} = {48B83A6A-970E-4AB5-A1FF-0A9F84FFF28E}
		{DAC719DB-601E-480E-940F-F1D188F65D61} = {48B83A6A-970E-4AB5-A1FF-0A9F84FFF28E}
		{3E416623-B972-41DC-9E87-731DD4166E5A} = {48B83A6A-970E-4AB5-A1FF-0A9F84FFF28E}
		{D81BDDC7-2A37-43ED-AD59-DEFF63F08633} = {4A8E7138-4D91-4912-BFCC-D2EB744F34C7}
		{0E38E92C-2829-4353-A5FE-FAC957DC1BF7} = {4A8E7138-4D91-4912-BFCC-D2EB744F34C7}
		{934F43E2-51C7-424D-951F-2F9AE5858784} = {4A8E7138-4D91-4912-BFCC-D2EB744F34C7}
		{288EECAF-C229-474A-9CA0-B7385D0FB812} = {4A8E7138-4D91-4912-BFCC-D2EB744F34C7}
		{B803B2DB-0A71-4E0E-AAEE-90A9E1C0E458} = {4A8E7138-4D91-4912-BFCC-D2EB744F34C7}
		{064D5C0A-BB29-42BE-A9C8-FA50E0B68EF8} = {29E9B8DE-057A-4F12-A3F3-47A48EBD0088}
		{AAD28782-E5D6-42FD-9B5D-E54FEBCE83E2} = {29E9B8DE-057A-4F12-A3F3-47A48EBD0088}
	EndGlobalSection
	GlobalSection(ExtensibilityGlobals) = postSolution
		SolutionGuid = {262D2070-C112-4524-9AA9-23CE045B8B70}
	EndGlobalSection
EndGlobal
